
Microsoft Visual Studio Solution File, Format Version 12.00
# Visual Studio Version 17
VisualStudioVersion = 17.9.34701.34
MinimumVisualStudioVersion = 10.0.40219.1
Project("{9A19103F-16F7-4668-BE54-9A1E7A4F7556}") = "OtpAuth.PowerShell.UnitTest", "OtpAuth.PowerShell.UnitTest\OtpAuth.PowerShell.UnitTest.csproj", "{F5E2FBF7-CA6B-441A-B944-E5DBE012B6F3}"
EndProject
Project("{9A19103F-16F7-4668-BE54-9A1E7A4F7556}") = "OtpAuth.PowerShell", "..\src\OtpAuth.PowerShell\OtpAuth.PowerShell.csproj", "{1A907271-7869-4924-950C-8C0E11E989CC}"
EndProject
Global
	GlobalSection(SolutionConfigurationPlatforms) = preSolution
		Debug|Any CPU = Debug|Any CPU
		Release|Any CPU = Release|Any CPU
	EndGlobalSection
	GlobalSection(ProjectConfigurationPlatforms) = postSolution
		{F5E2FBF7-CA6B-441A-B944-E5DBE012B6F3}.Debug|Any CPU.ActiveCfg = Debug|Any CPU
		{F5E2FBF7-CA6B-441A-B944-E5DBE012B6F3}.Debug|Any CPU.Build.0 = Debug|Any CPU
		{F5E2FBF7-CA6B-441A-B944-E5DBE012B6F3}.Release|Any CPU.ActiveCfg = Release|Any CPU
		{F5E2FBF7-CA6B-441A-B944-E5DBE012B6F3}.Release|Any CPU.Build.0 = Release|Any CPU
		{1A907271-7869-4924-950C-8C0E11E989CC}.Debug|Any CPU.ActiveCfg = Debug|Any CPU
		{1A907271-7869-4924-950C-8C0E11E989CC}.Debug|Any CPU.Build.0 = Debug|Any CPU
		{1A907271-7869-4924-950C-8C0E11E989CC}.Release|Any CPU.ActiveCfg = Release|Any CPU
		{1A907271-7869-4924-950C-8C0E11E989CC}.Release|Any CPU.Build.0 = Release|Any CPU
	EndGlobalSection
	GlobalSection(SolutionProperties) = preSolution
		HideSolutionNode = FALSE
	EndGlobalSection
	GlobalSection(ExtensibilityGlobals) = postSolution
		SolutionGuid = {992E36E6-4F52-4583-B677-820F06D87925}
	EndGlobalSection
EndGlobal
