
Microsoft Visual Studio Solution File, Format Version 12.00
# Visual Studio Version 17
VisualStudioVersion = 17.9.34701.34
MinimumVisualStudioVersion = 10.0.40219.1
Project("{FAE04EC0-301F-11D3-BF4B-00C04F79EFBC}") = "OtpAuth.PowerShell", "OtpAuth.PowerShell\OtpAuth.PowerShell.csproj", "{CE231737-6925-4A77-A6CB-02F2BE2E25C6}"
EndProject
Global
	GlobalSection(SolutionConfigurationPlatforms) = preSolution
		Debug|Any CPU = Debug|Any CPU
		Release|Any CPU = Release|Any CPU
	EndGlobalSection
	GlobalSection(ProjectConfigurationPlatforms) = postSolution
		{CE231737-6925-4A77-A6CB-02F2BE2E25C6}.Debug|Any CPU.ActiveCfg = Debug|Any CPU
		{CE231737-6925-4A77-A6CB-02F2BE2E25C6}.Debug|Any CPU.Build.0 = Debug|Any CPU
		{CE231737-6925-4A77-A6CB-02F2BE2E25C6}.Release|Any CPU.ActiveCfg = Release|Any CPU
		{CE231737-6925-4A77-A6CB-02F2BE2E25C6}.Release|Any CPU.Build.0 = Release|Any CPU
	EndGlobalSection
	GlobalSection(SolutionProperties) = preSolution
		HideSolutionNode = FALSE
	EndGlobalSection
	GlobalSection(ExtensibilityGlobals) = postSolution
		SolutionGuid = {DDD47B87-A3BB-4073-BC00-C0D6100C6D0C}
	EndGlobalSection
EndGlobal
